
Microsoft Visual Studio Solution File, Format Version 12.00
# Visual Studio Version 16
VisualStudioVersion = 16.0.29324.140
MinimumVisualStudioVersion = 10.0.40219.1
Project("{FAE04EC0-301F-11D3-BF4B-00C04F79EFBC}") = "Lab_1number6", "Lab_1number6\Lab_1number6.csproj", "{8D505E81-0B8B-4172-AC7D-37DFE2C3427E}"
EndProject
Global
	GlobalSection(SolutionConfigurationPlatforms) = preSolution
		Debug|Any CPU = Debug|Any CPU
		Release|Any CPU = Release|Any CPU
	EndGlobalSection
	GlobalSection(ProjectConfigurationPlatforms) = postSolution
		{8D505E81-0B8B-4172-AC7D-37DFE2C3427E}.Debug|Any CPU.ActiveCfg = Debug|Any CPU
		{8D505E81-0B8B-4172-AC7D-37DFE2C3427E}.Debug|Any CPU.Build.0 = Debug|Any CPU
		{8D505E81-0B8B-4172-AC7D-37DFE2C3427E}.Release|Any CPU.ActiveCfg = Release|Any CPU
		{8D505E81-0B8B-4172-AC7D-37DFE2C3427E}.Release|Any CPU.Build.0 = Release|Any CPU
	EndGlobalSection
	GlobalSection(SolutionProperties) = preSolution
		HideSolutionNode = FALSE
	EndGlobalSection
	GlobalSection(ExtensibilityGlobals) = postSolution
		SolutionGuid = {370E63A1-E2B8-468B-BE57-AEFF360F489A}
	EndGlobalSection
EndGlobal
